// !$*UTF8*$!
{
	archiveVersion = 1;
	classes = {
	};
	objectVersion = 50;
	objects = {

/* Begin PBXBuildFile section */
		F3152DCE272ABF3B00DAE1F3 /* AppDelegate.swift in Sources */ = {isa = PBXBuildFile; fileRef = F3152DCD272ABF3B00DAE1F3 /* AppDelegate.swift */; };
		F3152DD0272ABF3B00DAE1F3 /* SceneDelegate.swift in Sources */ = {isa = PBXBuildFile; fileRef = F3152DCF272ABF3B00DAE1F3 /* SceneDelegate.swift */; };
		F3152DD2272ABF3B00DAE1F3 /* ViewController.swift in Sources */ = {isa = PBXBuildFile; fileRef = F3152DD1272ABF3B00DAE1F3 /* ViewController.swift */; };
		F3152DD5272ABF3B00DAE1F3 /* Main.storyboard in Resources */ = {isa = PBXBuildFile; fileRef = F3152DD3272ABF3B00DAE1F3 /* Main.storyboard */; };
		F3152DD7272ABF3D00DAE1F3 /* Assets.xcassets in Resources */ = {isa = PBXBuildFile; fileRef = F3152DD6272ABF3D00DAE1F3 /* Assets.xcassets */; };
		F3152DDA272ABF3D00DAE1F3 /* LaunchScreen.storyboard in Resources */ = {isa = PBXBuildFile; fileRef = F3152DD8272ABF3D00DAE1F3 /* LaunchScreen.storyboard */; };
		F3152DE2272ACA2900DAE1F3 /* NoDigitsView.xib in Resources */ = {isa = PBXBuildFile; fileRef = F3152DE1272ACA2900DAE1F3 /* NoDigitsView.xib */; };
		F3152DE4272ACAC400DAE1F3 /* NoDigitsVC.swift in Sources */ = {isa = PBXBuildFile; fileRef = F3152DE3272ACAC400DAE1F3 /* NoDigitsVC.swift */; };
		F3152DE6272B2CA400DAE1F3 /* InputLimitView.xib in Resources */ = {isa = PBXBuildFile; fileRef = F3152DE5272B2CA400DAE1F3 /* InputLimitView.xib */; };
		F3152DE8272B2E6200DAE1F3 /* InputLimitViewController.swift in Sources */ = {isa = PBXBuildFile; fileRef = F3152DE7272B2E6200DAE1F3 /* InputLimitViewController.swift */; };
		F3152DEA272C2E1C00DAE1F3 /* InputMaskView.xib in Resources */ = {isa = PBXBuildFile; fileRef = F3152DE9272C2E1C00DAE1F3 /* InputMaskView.xib */; };
		F3152DEC272C2E9D00DAE1F3 /* InputMaskViewController.swift in Sources */ = {isa = PBXBuildFile; fileRef = F3152DEB272C2E9D00DAE1F3 /* InputMaskViewController.swift */; };
		F3152DEE272C316A00DAE1F3 /* LinkView.xib in Resources */ = {isa = PBXBuildFile; fileRef = F3152DED272C316A00DAE1F3 /* LinkView.xib */; };
		F3152DF0272C319E00DAE1F3 /* LinkViewController.swift in Sources */ = {isa = PBXBuildFile; fileRef = F3152DEF272C319E00DAE1F3 /* LinkViewController.swift */; };
		F3152DF2272C335700DAE1F3 /* PasswordView.xib in Resources */ = {isa = PBXBuildFile; fileRef = F3152DF1272C335700DAE1F3 /* PasswordView.xib */; };
		F3152DF4272C33AE00DAE1F3 /* PasswordViewController.swift in Sources */ = {isa = PBXBuildFile; fileRef = F3152DF3272C33AE00DAE1F3 /* PasswordViewController.swift */; };
		F32E05842745637C00A30AD3 /* URLValidation.swift in Sources */ = {isa = PBXBuildFile; fileRef = F32E05832745637C00A30AD3 /* URLValidation.swift */; };
		F3A2AC7D273BE2700091B2DD /* textFieldsTests.swift in Sources */ = {isa = PBXBuildFile; fileRef = F3A2AC7C273BE2700091B2DD /* textFieldsTests.swift */; };
		F3A2AC8B273BE2840091B2DD /* textFieldsUITests.swift in Sources */ = {isa = PBXBuildFile; fileRef = F3A2AC8A273BE2840091B2DD /* textFieldsUITests.swift */; };
		F3A2AC93273E93B90091B2DD /* PasswordRuleChecker.swift in Sources */ = {isa = PBXBuildFile; fileRef = F3A2AC92273E93B90091B2DD /* PasswordRuleChecker.swift */; };
		F3A2AC95273FB4780091B2DD /* InputMaskChecker.swift in Sources */ = {isa = PBXBuildFile; fileRef = F3A2AC94273FB4780091B2DD /* InputMaskChecker.swift */; };
/* End PBXBuildFile section */

/* Begin PBXContainerItemProxy section */
		F3A2AC7F273BE2700091B2DD /* PBXContainerItemProxy */ = {
			isa = PBXContainerItemProxy;
			containerPortal = F3152DC2272ABF3B00DAE1F3 /* Project object */;
			proxyType = 1;
			remoteGlobalIDString = F3152DC9272ABF3B00DAE1F3;
			remoteInfo = "Text Fields";
		};
		F3A2AC8D273BE2840091B2DD /* PBXContainerItemProxy */ = {
			isa = PBXContainerItemProxy;
			containerPortal = F3152DC2272ABF3B00DAE1F3 /* Project object */;
			proxyType = 1;
			remoteGlobalIDString = F3152DC9272ABF3B00DAE1F3;
			remoteInfo = "Text Fields";
		};
/* End PBXContainerItemProxy section */

/* Begin PBXFileReference section */
		F3152DCA272ABF3B00DAE1F3 /* Text Fields.app */ = {isa = PBXFileReference; explicitFileType = wrapper.application; includeInIndex = 0; path = "Text Fields.app"; sourceTree = BUILT_PRODUCTS_DIR; };
		F3152DCD272ABF3B00DAE1F3 /* AppDelegate.swift */ = {isa = PBXFileReference; lastKnownFileType = sourcecode.swift; path = AppDelegate.swift; sourceTree = "<group>"; };
		F3152DCF272ABF3B00DAE1F3 /* SceneDelegate.swift */ = {isa = PBXFileReference; lastKnownFileType = sourcecode.swift; path = SceneDelegate.swift; sourceTree = "<group>"; };
		F3152DD1272ABF3B00DAE1F3 /* ViewController.swift */ = {isa = PBXFileReference; lastKnownFileType = sourcecode.swift; path = ViewController.swift; sourceTree = "<group>"; };
		F3152DD4272ABF3B00DAE1F3 /* Base */ = {isa = PBXFileReference; lastKnownFileType = file.storyboard; name = Base; path = Base.lproj/Main.storyboard; sourceTree = "<group>"; };
		F3152DD6272ABF3D00DAE1F3 /* Assets.xcassets */ = {isa = PBXFileReference; lastKnownFileType = folder.assetcatalog; path = Assets.xcassets; sourceTree = "<group>"; };
		F3152DD9272ABF3D00DAE1F3 /* Base */ = {isa = PBXFileReference; lastKnownFileType = file.storyboard; name = Base; path = Base.lproj/LaunchScreen.storyboard; sourceTree = "<group>"; };
		F3152DDB272ABF3D00DAE1F3 /* Info.plist */ = {isa = PBXFileReference; lastKnownFileType = text.plist.xml; path = Info.plist; sourceTree = "<group>"; };
		F3152DE1272ACA2900DAE1F3 /* NoDigitsView.xib */ = {isa = PBXFileReference; lastKnownFileType = file.xib; path = NoDigitsView.xib; sourceTree = "<group>"; };
		F3152DE3272ACAC400DAE1F3 /* NoDigitsVC.swift */ = {isa = PBXFileReference; lastKnownFileType = sourcecode.swift; path = NoDigitsVC.swift; sourceTree = "<group>"; };
		F3152DE5272B2CA400DAE1F3 /* InputLimitView.xib */ = {isa = PBXFileReference; lastKnownFileType = file.xib; path = InputLimitView.xib; sourceTree = "<group>"; };
		F3152DE7272B2E6200DAE1F3 /* InputLimitViewController.swift */ = {isa = PBXFileReference; lastKnownFileType = sourcecode.swift; path = InputLimitViewController.swift; sourceTree = "<group>"; };
		F3152DE9272C2E1C00DAE1F3 /* InputMaskView.xib */ = {isa = PBXFileReference; lastKnownFileType = file.xib; path = InputMaskView.xib; sourceTree = "<group>"; };
		F3152DEB272C2E9D00DAE1F3 /* InputMaskViewController.swift */ = {isa = PBXFileReference; lastKnownFileType = sourcecode.swift; path = InputMaskViewController.swift; sourceTree = "<group>"; };
		F3152DED272C316A00DAE1F3 /* LinkView.xib */ = {isa = PBXFileReference; lastKnownFileType = file.xib; path = LinkView.xib; sourceTree = "<group>"; };
		F3152DEF272C319E00DAE1F3 /* LinkViewController.swift */ = {isa = PBXFileReference; lastKnownFileType = sourcecode.swift; path = LinkViewController.swift; sourceTree = "<group>"; };
		F3152DF1272C335700DAE1F3 /* PasswordView.xib */ = {isa = PBXFileReference; lastKnownFileType = file.xib; path = PasswordView.xib; sourceTree = "<group>"; };
		F3152DF3272C33AE00DAE1F3 /* PasswordViewController.swift */ = {isa = PBXFileReference; lastKnownFileType = sourcecode.swift; path = PasswordViewController.swift; sourceTree = "<group>"; };
		F32E05832745637C00A30AD3 /* URLValidation.swift */ = {isa = PBXFileReference; lastKnownFileType = sourcecode.swift; path = URLValidation.swift; sourceTree = "<group>"; };
		F3A2AC7A273BE26F0091B2DD /* textFieldsTests.xctest */ = {isa = PBXFileReference; explicitFileType = wrapper.cfbundle; includeInIndex = 0; path = textFieldsTests.xctest; sourceTree = BUILT_PRODUCTS_DIR; };
		F3A2AC7C273BE2700091B2DD /* textFieldsTests.swift */ = {isa = PBXFileReference; lastKnownFileType = sourcecode.swift; path = textFieldsTests.swift; sourceTree = "<group>"; };
		F3A2AC7E273BE2700091B2DD /* Info.plist */ = {isa = PBXFileReference; lastKnownFileType = text.plist.xml; path = Info.plist; sourceTree = "<group>"; };
		F3A2AC88273BE2840091B2DD /* textFieldsUITests.xctest */ = {isa = PBXFileReference; explicitFileType = wrapper.cfbundle; includeInIndex = 0; path = textFieldsUITests.xctest; sourceTree = BUILT_PRODUCTS_DIR; };
		F3A2AC8A273BE2840091B2DD /* textFieldsUITests.swift */ = {isa = PBXFileReference; lastKnownFileType = sourcecode.swift; path = textFieldsUITests.swift; sourceTree = "<group>"; };
		F3A2AC8C273BE2840091B2DD /* Info.plist */ = {isa = PBXFileReference; lastKnownFileType = text.plist.xml; path = Info.plist; sourceTree = "<group>"; };
		F3A2AC92273E93B90091B2DD /* PasswordRuleChecker.swift */ = {isa = PBXFileReference; lastKnownFileType = sourcecode.swift; path = PasswordRuleChecker.swift; sourceTree = "<group>"; };
		F3A2AC94273FB4780091B2DD /* InputMaskChecker.swift */ = {isa = PBXFileReference; lastKnownFileType = sourcecode.swift; path = InputMaskChecker.swift; sourceTree = "<group>"; };
/* End PBXFileReference section */

/* Begin PBXFrameworksBuildPhase section */
		F3152DC7272ABF3B00DAE1F3 /* Frameworks */ = {
			isa = PBXFrameworksBuildPhase;
			buildActionMask = 2147483647;
			files = (
			);
			runOnlyForDeploymentPostprocessing = 0;
		};
		F3A2AC77273BE26F0091B2DD /* Frameworks */ = {
			isa = PBXFrameworksBuildPhase;
			buildActionMask = 2147483647;
			files = (
			);
			runOnlyForDeploymentPostprocessing = 0;
		};
		F3A2AC85273BE2840091B2DD /* Frameworks */ = {
			isa = PBXFrameworksBuildPhase;
			buildActionMask = 2147483647;
			files = (
			);
			runOnlyForDeploymentPostprocessing = 0;
		};
/* End PBXFrameworksBuildPhase section */

/* Begin PBXGroup section */
		F3152DC1272ABF3B00DAE1F3 = {
			isa = PBXGroup;
			children = (
				F3152DCC272ABF3B00DAE1F3 /* Text Fields */,
				F3A2AC7B273BE2700091B2DD /* textFieldsTests */,
				F3A2AC89273BE2840091B2DD /* textFieldsUITests */,
				F3152DCB272ABF3B00DAE1F3 /* Products */,
			);
			sourceTree = "<group>";
		};
		F3152DCB272ABF3B00DAE1F3 /* Products */ = {
			isa = PBXGroup;
			children = (
				F3152DCA272ABF3B00DAE1F3 /* Text Fields.app */,
				F3A2AC7A273BE26F0091B2DD /* textFieldsTests.xctest */,
				F3A2AC88273BE2840091B2DD /* textFieldsUITests.xctest */,
			);
			name = Products;
			sourceTree = "<group>";
		};
		F3152DCC272ABF3B00DAE1F3 /* Text Fields */ = {
			isa = PBXGroup;
			children = (
				F3152DCD272ABF3B00DAE1F3 /* AppDelegate.swift */,
				F3152DCF272ABF3B00DAE1F3 /* SceneDelegate.swift */,
				F3152DD1272ABF3B00DAE1F3 /* ViewController.swift */,
				F32E05832745637C00A30AD3 /* URLValidation.swift */,
				F3A2AC94273FB4780091B2DD /* InputMaskChecker.swift */,
				F3A2AC92273E93B90091B2DD /* PasswordRuleChecker.swift */,
				F3152DF1272C335700DAE1F3 /* PasswordView.xib */,
				F3152DF3272C33AE00DAE1F3 /* PasswordViewController.swift */,
				F3152DD3272ABF3B00DAE1F3 /* Main.storyboard */,
				F3152DE1272ACA2900DAE1F3 /* NoDigitsView.xib */,
				F3152DED272C316A00DAE1F3 /* LinkView.xib */,
				F3152DEF272C319E00DAE1F3 /* LinkViewController.swift */,
				F3152DE5272B2CA400DAE1F3 /* InputLimitView.xib */,
				F3152DE7272B2E6200DAE1F3 /* InputLimitViewController.swift */,
				F3152DE9272C2E1C00DAE1F3 /* InputMaskView.xib */,
				F3152DEB272C2E9D00DAE1F3 /* InputMaskViewController.swift */,
				F3152DE3272ACAC400DAE1F3 /* NoDigitsVC.swift */,
				F3152DD6272ABF3D00DAE1F3 /* Assets.xcassets */,
				F3152DD8272ABF3D00DAE1F3 /* LaunchScreen.storyboard */,
				F3152DDB272ABF3D00DAE1F3 /* Info.plist */,
			);
			path = "Text Fields";
			sourceTree = "<group>";
		};
		F3A2AC7B273BE2700091B2DD /* textFieldsTests */ = {
			isa = PBXGroup;
			children = (
				F3A2AC7C273BE2700091B2DD /* textFieldsTests.swift */,
				F3A2AC7E273BE2700091B2DD /* Info.plist */,
			);
			path = textFieldsTests;
			sourceTree = "<group>";
		};
		F3A2AC89273BE2840091B2DD /* textFieldsUITests */ = {
			isa = PBXGroup;
			children = (
				F3A2AC8A273BE2840091B2DD /* textFieldsUITests.swift */,
				F3A2AC8C273BE2840091B2DD /* Info.plist */,
			);
			path = textFieldsUITests;
			sourceTree = "<group>";
		};
/* End PBXGroup section */

/* Begin PBXNativeTarget section */
		F3152DC9272ABF3B00DAE1F3 /* Text Fields */ = {
			isa = PBXNativeTarget;
			buildConfigurationList = F3152DDE272ABF3D00DAE1F3 /* Build configuration list for PBXNativeTarget "Text Fields" */;
			buildPhases = (
				F3152DC6272ABF3B00DAE1F3 /* Sources */,
				F3152DC7272ABF3B00DAE1F3 /* Frameworks */,
				F3152DC8272ABF3B00DAE1F3 /* Resources */,
			);
			buildRules = (
			);
			dependencies = (
			);
			name = "Text Fields";
			productName = "Text Fields";
			productReference = F3152DCA272ABF3B00DAE1F3 /* Text Fields.app */;
			productType = "com.apple.product-type.application";
		};
		F3A2AC79273BE26F0091B2DD /* textFieldsTests */ = {
			isa = PBXNativeTarget;
			buildConfigurationList = F3A2AC83273BE2700091B2DD /* Build configuration list for PBXNativeTarget "textFieldsTests" */;
			buildPhases = (
				F3A2AC76273BE26F0091B2DD /* Sources */,
				F3A2AC77273BE26F0091B2DD /* Frameworks */,
				F3A2AC78273BE26F0091B2DD /* Resources */,
			);
			buildRules = (
			);
			dependencies = (
				F3A2AC80273BE2700091B2DD /* PBXTargetDependency */,
			);
			name = textFieldsTests;
			productName = textFieldsTests;
			productReference = F3A2AC7A273BE26F0091B2DD /* textFieldsTests.xctest */;
			productType = "com.apple.product-type.bundle.unit-test";
		};
		F3A2AC87273BE2840091B2DD /* textFieldsUITests */ = {
			isa = PBXNativeTarget;
			buildConfigurationList = F3A2AC8F273BE2840091B2DD /* Build configuration list for PBXNativeTarget "textFieldsUITests" */;
			buildPhases = (
				F3A2AC84273BE2840091B2DD /* Sources */,
				F3A2AC85273BE2840091B2DD /* Frameworks */,
				F3A2AC86273BE2840091B2DD /* Resources */,
			);
			buildRules = (
			);
			dependencies = (
				F3A2AC8E273BE2840091B2DD /* PBXTargetDependency */,
			);
			name = textFieldsUITests;
			productName = textFieldsUITests;
			productReference = F3A2AC88273BE2840091B2DD /* textFieldsUITests.xctest */;
			productType = "com.apple.product-type.bundle.ui-testing";
		};
/* End PBXNativeTarget section */

/* Begin PBXProject section */
		F3152DC2272ABF3B00DAE1F3 /* Project object */ = {
			isa = PBXProject;
			attributes = {
				LastSwiftUpdateCheck = 1250;
				LastUpgradeCheck = 1250;
				TargetAttributes = {
					F3152DC9272ABF3B00DAE1F3 = {
						CreatedOnToolsVersion = 12.5.1;
					};
					F3A2AC79273BE26F0091B2DD = {
						CreatedOnToolsVersion = 12.5.1;
						TestTargetID = F3152DC9272ABF3B00DAE1F3;
					};
					F3A2AC87273BE2840091B2DD = {
						CreatedOnToolsVersion = 12.5.1;
						TestTargetID = F3152DC9272ABF3B00DAE1F3;
					};
				};
			};
			buildConfigurationList = F3152DC5272ABF3B00DAE1F3 /* Build configuration list for PBXProject "Text Fields" */;
			compatibilityVersion = "Xcode 9.3";
			developmentRegion = en;
			hasScannedForEncodings = 0;
			knownRegions = (
				en,
				Base,
			);
			mainGroup = F3152DC1272ABF3B00DAE1F3;
			productRefGroup = F3152DCB272ABF3B00DAE1F3 /* Products */;
			projectDirPath = "";
			projectRoot = "";
			targets = (
				F3152DC9272ABF3B00DAE1F3 /* Text Fields */,
				F3A2AC79273BE26F0091B2DD /* textFieldsTests */,
				F3A2AC87273BE2840091B2DD /* textFieldsUITests */,
			);
		};
/* End PBXProject section */

/* Begin PBXResourcesBuildPhase section */
		F3152DC8272ABF3B00DAE1F3 /* Resources */ = {
			isa = PBXResourcesBuildPhase;
			buildActionMask = 2147483647;
			files = (
				F3152DDA272ABF3D00DAE1F3 /* LaunchScreen.storyboard in Resources */,
				F3152DE6272B2CA400DAE1F3 /* InputLimitView.xib in Resources */,
				F3152DEE272C316A00DAE1F3 /* LinkView.xib in Resources */,
				F3152DE2272ACA2900DAE1F3 /* NoDigitsView.xib in Resources */,
				F3152DEA272C2E1C00DAE1F3 /* InputMaskView.xib in Resources */,
				F3152DD7272ABF3D00DAE1F3 /* Assets.xcassets in Resources */,
				F3152DD5272ABF3B00DAE1F3 /* Main.storyboard in Resources */,
				F3152DF2272C335700DAE1F3 /* PasswordView.xib in Resources */,
			);
			runOnlyForDeploymentPostprocessing = 0;
		};
		F3A2AC78273BE26F0091B2DD /* Resources */ = {
			isa = PBXResourcesBuildPhase;
			buildActionMask = 2147483647;
			files = (
			);
			runOnlyForDeploymentPostprocessing = 0;
		};
		F3A2AC86273BE2840091B2DD /* Resources */ = {
			isa = PBXResourcesBuildPhase;
			buildActionMask = 2147483647;
			files = (
			);
			runOnlyForDeploymentPostprocessing = 0;
		};
/* End PBXResourcesBuildPhase section */

/* Begin PBXSourcesBuildPhase section */
		F3152DC6272ABF3B00DAE1F3 /* Sources */ = {
			isa = PBXSourcesBuildPhase;
			buildActionMask = 2147483647;
			files = (
				F3152DD2272ABF3B00DAE1F3 /* ViewController.swift in Sources */,
				F3152DF4272C33AE00DAE1F3 /* PasswordViewController.swift in Sources */,
				F32E05842745637C00A30AD3 /* URLValidation.swift in Sources */,
				F3A2AC95273FB4780091B2DD /* InputMaskChecker.swift in Sources */,
				F3152DEC272C2E9D00DAE1F3 /* InputMaskViewController.swift in Sources */,
				F3152DE4272ACAC400DAE1F3 /* NoDigitsVC.swift in Sources */,
				F3152DF0272C319E00DAE1F3 /* LinkViewController.swift in Sources */,
				F3152DCE272ABF3B00DAE1F3 /* AppDelegate.swift in Sources */,
				F3152DE8272B2E6200DAE1F3 /* InputLimitViewController.swift in Sources */,
				F3152DD0272ABF3B00DAE1F3 /* SceneDelegate.swift in Sources */,
				F3A2AC93273E93B90091B2DD /* PasswordRuleChecker.swift in Sources */,
			);
			runOnlyForDeploymentPostprocessing = 0;
		};
		F3A2AC76273BE26F0091B2DD /* Sources */ = {
			isa = PBXSourcesBuildPhase;
			buildActionMask = 2147483647;
			files = (
				F3A2AC7D273BE2700091B2DD /* textFieldsTests.swift in Sources */,
			);
			runOnlyForDeploymentPostprocessing = 0;
		};
		F3A2AC84273BE2840091B2DD /* Sources */ = {
			isa = PBXSourcesBuildPhase;
			buildActionMask = 2147483647;
			files = (
				F3A2AC8B273BE2840091B2DD /* textFieldsUITests.swift in Sources */,
			);
			runOnlyForDeploymentPostprocessing = 0;
		};
/* End PBXSourcesBuildPhase section */

/* Begin PBXTargetDependency section */
		F3A2AC80273BE2700091B2DD /* PBXTargetDependency */ = {
			isa = PBXTargetDependency;
			target = F3152DC9272ABF3B00DAE1F3 /* Text Fields */;
			targetProxy = F3A2AC7F273BE2700091B2DD /* PBXContainerItemProxy */;
		};
		F3A2AC8E273BE2840091B2DD /* PBXTargetDependency */ = {
			isa = PBXTargetDependency;
			target = F3152DC9272ABF3B00DAE1F3 /* Text Fields */;
			targetProxy = F3A2AC8D273BE2840091B2DD /* PBXContainerItemProxy */;
		};
/* End PBXTargetDependency section */

/* Begin PBXVariantGroup section */
		F3152DD3272ABF3B00DAE1F3 /* Main.storyboard */ = {
			isa = PBXVariantGroup;
			children = (
				F3152DD4272ABF3B00DAE1F3 /* Base */,
			);
			name = Main.storyboard;
			sourceTree = "<group>";
		};
		F3152DD8272ABF3D00DAE1F3 /* LaunchScreen.storyboard */ = {
			isa = PBXVariantGroup;
			children = (
				F3152DD9272ABF3D00DAE1F3 /* Base */,
			);
			name = LaunchScreen.storyboard;
			sourceTree = "<group>";
		};
/* End PBXVariantGroup section */

/* Begin XCBuildConfiguration section */
		F3152DDC272ABF3D00DAE1F3 /* Debug */ = {
			isa = XCBuildConfiguration;
			buildSettings = {
				ALWAYS_SEARCH_USER_PATHS = NO;
				CLANG_ANALYZER_NONNULL = YES;
				CLANG_ANALYZER_NUMBER_OBJECT_CONVERSION = YES_AGGRESSIVE;
				CLANG_CXX_LANGUAGE_STANDARD = "gnu++14";
				CLANG_CXX_LIBRARY = "libc++";
				CLANG_ENABLE_MODULES = YES;
				CLANG_ENABLE_OBJC_ARC = YES;
				CLANG_ENABLE_OBJC_WEAK = YES;
				CLANG_WARN_BLOCK_CAPTURE_AUTORELEASING = YES;
				CLANG_WARN_BOOL_CONVERSION = YES;
				CLANG_WARN_COMMA = YES;
				CLANG_WARN_CONSTANT_CONVERSION = YES;
				CLANG_WARN_DEPRECATED_OBJC_IMPLEMENTATIONS = YES;
				CLANG_WARN_DIRECT_OBJC_ISA_USAGE = YES_ERROR;
				CLANG_WARN_DOCUMENTATION_COMMENTS = YES;
				CLANG_WARN_EMPTY_BODY = YES;
				CLANG_WARN_ENUM_CONVERSION = YES;
				CLANG_WARN_INFINITE_RECURSION = YES;
				CLANG_WARN_INT_CONVERSION = YES;
				CLANG_WARN_NON_LITERAL_NULL_CONVERSION = YES;
				CLANG_WARN_OBJC_IMPLICIT_RETAIN_SELF = YES;
				CLANG_WARN_OBJC_LITERAL_CONVERSION = YES;
				CLANG_WARN_OBJC_ROOT_CLASS = YES_ERROR;
				CLANG_WARN_QUOTED_INCLUDE_IN_FRAMEWORK_HEADER = YES;
				CLANG_WARN_RANGE_LOOP_ANALYSIS = YES;
				CLANG_WARN_STRICT_PROTOTYPES = YES;
				CLANG_WARN_SUSPICIOUS_MOVE = YES;
				CLANG_WARN_UNGUARDED_AVAILABILITY = YES_AGGRESSIVE;
				CLANG_WARN_UNREACHABLE_CODE = YES;
				CLANG_WARN__DUPLICATE_METHOD_MATCH = YES;
				COPY_PHASE_STRIP = NO;
				DEBUG_INFORMATION_FORMAT = dwarf;
				ENABLE_STRICT_OBJC_MSGSEND = YES;
				ENABLE_TESTABILITY = YES;
				GCC_C_LANGUAGE_STANDARD = gnu11;
				GCC_DYNAMIC_NO_PIC = NO;
				GCC_NO_COMMON_BLOCKS = YES;
				GCC_OPTIMIZATION_LEVEL = 0;
				GCC_PREPROCESSOR_DEFINITIONS = (
					"DEBUG=1",
					"$(inherited)",
				);
				GCC_WARN_64_TO_32_BIT_CONVERSION = YES;
				GCC_WARN_ABOUT_RETURN_TYPE = YES_ERROR;
				GCC_WARN_UNDECLARED_SELECTOR = YES;
				GCC_WARN_UNINITIALIZED_AUTOS = YES_AGGRESSIVE;
				GCC_WARN_UNUSED_FUNCTION = YES;
				GCC_WARN_UNUSED_VARIABLE = YES;
				IPHONEOS_DEPLOYMENT_TARGET = 14.5;
				MTL_ENABLE_DEBUG_INFO = INCLUDE_SOURCE;
				MTL_FAST_MATH = YES;
				ONLY_ACTIVE_ARCH = YES;
				SDKROOT = iphoneos;
				SWIFT_ACTIVE_COMPILATION_CONDITIONS = DEBUG;
				SWIFT_OPTIMIZATION_LEVEL = "-Onone";
			};
			name = Debug;
		};
		F3152DDD272ABF3D00DAE1F3 /* Release */ = {
			isa = XCBuildConfiguration;
			buildSettings = {
				ALWAYS_SEARCH_USER_PATHS = NO;
				CLANG_ANALYZER_NONNULL = YES;
				CLANG_ANALYZER_NUMBER_OBJECT_CONVERSION = YES_AGGRESSIVE;
				CLANG_CXX_LANGUAGE_STANDARD = "gnu++14";
				CLANG_CXX_LIBRARY = "libc++";
				CLANG_ENABLE_MODULES = YES;
				CLANG_ENABLE_OBJC_ARC = YES;
				CLANG_ENABLE_OBJC_WEAK = YES;
				CLANG_WARN_BLOCK_CAPTURE_AUTORELEASING = YES;
				CLANG_WARN_BOOL_CONVERSION = YES;
				CLANG_WARN_COMMA = YES;
				CLANG_WARN_CONSTANT_CONVERSION = YES;
				CLANG_WARN_DEPRECATED_OBJC_IMPLEMENTATIONS = YES;
				CLANG_WARN_DIRECT_OBJC_ISA_USAGE = YES_ERROR;
				CLANG_WARN_DOCUMENTATION_COMMENTS = YES;
				CLANG_WARN_EMPTY_BODY = YES;
				CLANG_WARN_ENUM_CONVERSION = YES;
				CLANG_WARN_INFINITE_RECURSION = YES;
				CLANG_WARN_INT_CONVERSION = YES;
				CLANG_WARN_NON_LITERAL_NULL_CONVERSION = YES;
				CLANG_WARN_OBJC_IMPLICIT_RETAIN_SELF = YES;
				CLANG_WARN_OBJC_LITERAL_CONVERSION = YES;
				CLANG_WARN_OBJC_ROOT_CLASS = YES_ERROR;
				CLANG_WARN_QUOTED_INCLUDE_IN_FRAMEWORK_HEADER = YES;
				CLANG_WARN_RANGE_LOOP_ANALYSIS = YES;
				CLANG_WARN_STRICT_PROTOTYPES = YES;
				CLANG_WARN_SUSPICIOUS_MOVE = YES;
				CLANG_WARN_UNGUARDED_AVAILABILITY = YES_AGGRESSIVE;
				CLANG_WARN_UNREACHABLE_CODE = YES;
				CLANG_WARN__DUPLICATE_METHOD_MATCH = YES;
				COPY_PHASE_STRIP = NO;
				DEBUG_INFORMATION_FORMAT = "dwarf-with-dsym";
				ENABLE_NS_ASSERTIONS = NO;
				ENABLE_STRICT_OBJC_MSGSEND = YES;
				GCC_C_LANGUAGE_STANDARD = gnu11;
				GCC_NO_COMMON_BLOCKS = YES;
				GCC_WARN_64_TO_32_BIT_CONVERSION = YES;
				GCC_WARN_ABOUT_RETURN_TYPE = YES_ERROR;
				GCC_WARN_UNDECLARED_SELECTOR = YES;
				GCC_WARN_UNINITIALIZED_AUTOS = YES_AGGRESSIVE;
				GCC_WARN_UNUSED_FUNCTION = YES;
				GCC_WARN_UNUSED_VARIABLE = YES;
				IPHONEOS_DEPLOYMENT_TARGET = 14.5;
				MTL_ENABLE_DEBUG_INFO = NO;
				MTL_FAST_MATH = YES;
				SDKROOT = iphoneos;
				SWIFT_COMPILATION_MODE = wholemodule;
				SWIFT_OPTIMIZATION_LEVEL = "-O";
				VALIDATE_PRODUCT = YES;
			};
			name = Release;
		};
		F3152DDF272ABF3D00DAE1F3 /* Debug */ = {
			isa = XCBuildConfiguration;
			buildSettings = {
				ASSETCATALOG_COMPILER_APPICON_NAME = AppIcon;
				ASSETCATALOG_COMPILER_GLOBAL_ACCENT_COLOR_NAME = AccentColor;
				CODE_SIGN_STYLE = Automatic;
				INFOPLIST_FILE = "Text Fields/Info.plist";
				LD_RUNPATH_SEARCH_PATHS = (
					"$(inherited)",
					"@executable_path/Frameworks",
				);
				PRODUCT_BUNDLE_IDENTIFIER = "DimaParachute.Text-Fields";
				PRODUCT_NAME = "$(TARGET_NAME)";
				SWIFT_VERSION = 5.0;
				TARGETED_DEVICE_FAMILY = 1;
			};
			name = Debug;
		};
		F3152DE0272ABF3D00DAE1F3 /* Release */ = {
			isa = XCBuildConfiguration;
			buildSettings = {
				ASSETCATALOG_COMPILER_APPICON_NAME = AppIcon;
				ASSETCATALOG_COMPILER_GLOBAL_ACCENT_COLOR_NAME = AccentColor;
				CODE_SIGN_STYLE = Automatic;
				INFOPLIST_FILE = "Text Fields/Info.plist";
				LD_RUNPATH_SEARCH_PATHS = (
					"$(inherited)",
					"@executable_path/Frameworks",
				);
				PRODUCT_BUNDLE_IDENTIFIER = "DimaParachute.Text-Fields";
				PRODUCT_NAME = "$(TARGET_NAME)";
				SWIFT_VERSION = 5.0;
				TARGETED_DEVICE_FAMILY = 1;
			};
			name = Release;
		};
		F3A2AC81273BE2700091B2DD /* Debug */ = {
			isa = XCBuildConfiguration;
			buildSettings = {
				BUNDLE_LOADER = "$(TEST_HOST)";
				CODE_SIGN_STYLE = Automatic;
				INFOPLIST_FILE = textFieldsTests/Info.plist;
				LD_RUNPATH_SEARCH_PATHS = (
					"$(inherited)",
					"@executable_path/Frameworks",
					"@loader_path/Frameworks",
				);
				PRODUCT_BUNDLE_IDENTIFIER = DimaParachute.textFieldsTests;
				PRODUCT_NAME = "$(TARGET_NAME)";
				SWIFT_VERSION = 5.0;
				TARGETED_DEVICE_FAMILY = "1,2";
				TEST_HOST = "$(BUILT_PRODUCTS_DIR)/Text Fields.app/Text Fields";
			};
			name = Debug;
		};
		F3A2AC82273BE2700091B2DD /* Release */ = {
			isa = XCBuildConfiguration;
			buildSettings = {
				BUNDLE_LOADER = "$(TEST_HOST)";
				CODE_SIGN_STYLE = Automatic;
				INFOPLIST_FILE = textFieldsTests/Info.plist;
				LD_RUNPATH_SEARCH_PATHS = (
					"$(inherited)",
					"@executable_path/Frameworks",
					"@loader_path/Frameworks",
				);
				PRODUCT_BUNDLE_IDENTIFIER = DimaParachute.textFieldsTests;
				PRODUCT_NAME = "$(TARGET_NAME)";
				SWIFT_VERSION = 5.0;
				TARGETED_DEVICE_FAMILY = "1,2";
				TEST_HOST = "$(BUILT_PRODUCTS_DIR)/Text Fields.app/Text Fields";
			};
			name = Release;
		};
		F3A2AC90273BE2840091B2DD /* Debug */ = {
			isa = XCBuildConfiguration;
			buildSettings = {
				CODE_SIGN_STYLE = Automatic;
				INFOPLIST_FILE = textFieldsUITests/Info.plist;
				LD_RUNPATH_SEARCH_PATHS = (
					"$(inherited)",
					"@executable_path/Frameworks",
					"@loader_path/Frameworks",
				);
				PRODUCT_BUNDLE_IDENTIFIER = DimaParachute.textFieldsUITests;
				PRODUCT_NAME = "$(TARGET_NAME)";
				SWIFT_VERSION = 5.0;
				TARGETED_DEVICE_FAMILY = "1,2";
				TEST_TARGET_NAME = "Text Fields";
			};
			name = Debug;
		};
		F3A2AC91273BE2840091B2DD /* Release */ = {
			isa = XCBuildConfiguration;
			buildSettings = {
				CODE_SIGN_STYLE = Automatic;
				INFOPLIST_FILE = textFieldsUITests/Info.plist;
				LD_RUNPATH_SEARCH_PATHS = (
					"$(inherited)",
					"@executable_path/Frameworks",
					"@loader_path/Frameworks",
				);
				PRODUCT_BUNDLE_IDENTIFIER = DimaParachute.textFieldsUITests;
				PRODUCT_NAME = "$(TARGET_NAME)";
				SWIFT_VERSION = 5.0;
				TARGETED_DEVICE_FAMILY = "1,2";
				TEST_TARGET_NAME = "Text Fields";
			};
			name = Release;
		};
/* End XCBuildConfiguration section */

/* Begin XCConfigurationList section */
		F3152DC5272ABF3B00DAE1F3 /* Build configuration list for PBXProject "Text Fields" */ = {
			isa = XCConfigurationList;
			buildConfigurations = (
				F3152DDC272ABF3D00DAE1F3 /* Debug */,
				F3152DDD272ABF3D00DAE1F3 /* Release */,
			);
			defaultConfigurationIsVisible = 0;
			defaultConfigurationName = Release;
		};
		F3152DDE272ABF3D00DAE1F3 /* Build configuration list for PBXNativeTarget "Text Fields" */ = {
			isa = XCConfigurationList;
			buildConfigurations = (
				F3152DDF272ABF3D00DAE1F3 /* Debug */,
				F3152DE0272ABF3D00DAE1F3 /* Release */,
			);
			defaultConfigurationIsVisible = 0;
			defaultConfigurationName = Release;
		};
		F3A2AC83273BE2700091B2DD /* Build configuration list for PBXNativeTarget "textFieldsTests" */ = {
			isa = XCConfigurationList;
			buildConfigurations = (
				F3A2AC81273BE2700091B2DD /* Debug */,
				F3A2AC82273BE2700091B2DD /* Release */,
			);
			defaultConfigurationIsVisible = 0;
			defaultConfigurationName = Release;
		};
		F3A2AC8F273BE2840091B2DD /* Build configuration list for PBXNativeTarget "textFieldsUITests" */ = {
			isa = XCConfigurationList;
			buildConfigurations = (
				F3A2AC90273BE2840091B2DD /* Debug */,
				F3A2AC91273BE2840091B2DD /* Release */,
			);
			defaultConfigurationIsVisible = 0;
			defaultConfigurationName = Release;
		};
/* End XCConfigurationList section */
	};
	rootObject = F3152DC2272ABF3B00DAE1F3 /* Project object */;
}
